{
  "version": "4",
  "specifiers": {
    "jsr:@radashi-org/radashi@^12.4.0": "12.4.0",
    "npm:preact@^10.25.2": "10.25.4",
    "npm:type-fest@^4.39.1": "4.39.1"
  },
  "jsr": {
    "@radashi-org/radashi@12.4.0": {
      "integrity": "f74afa6d052b9132fad20c6f036cf04efe6801f0690e9704e1c86f7935c18ed1"
    }
  },
  "npm": {
    "preact@10.25.4": {
      "integrity": "sha512-jLdZDb+Q+odkHJ+MpW/9U5cODzqnB+fy2EiHSZES7ldV5LK7yjlVzTp7R8Xy6W6y75kfK8iWYtFVH7lvjwrCMA=="
    },
    "type-fest@4.39.1": {
      "integrity": "sha512-uW9qzd66uyHYxwyVBYiwS4Oi0qZyUqwjU+Oevr6ZogYiXt99EOYtwvzMSLw1c3lYo2HzJsep/NB23iEVEgjG/w=="
    }
  },
  "workspace": {
    "dependencies": [
      "jsr:@radashi-org/radashi@^12.4.0",
      "npm:type-fest@^4.39.1"
    ]
  }
}
